
Microsoft Visual Studio Solution File, Format Version 12.00
# Visual Studio 15
VisualStudioVersion = 15.0.26124.0
MinimumVisualStudioVersion = 15.0.26124.0
Project("{FAE04EC0-301F-11D3-BF4B-00C04F79EFBC}") = "RestClassLib", "RestClassLib\RestClassLib.csproj", "{D1F6D1CD-09CB-4F81-96E6-70AC23579C21}"
EndProject
Project("{FAE04EC0-301F-11D3-BF4B-00C04F79EFBC}") = "RestTest", "RestTest\RestTest.csproj", "{3CA2DF8E-551E-41E1-A689-FAE724E12DB1}"
EndProject
Global
	GlobalSection(SolutionConfigurationPlatforms) = preSolution
		Debug|Any CPU = Debug|Any CPU
		Debug|x64 = Debug|x64
		Debug|x86 = Debug|x86
		Release|Any CPU = Release|Any CPU
		Release|x64 = Release|x64
		Release|x86 = Release|x86
	EndGlobalSection
	GlobalSection(SolutionProperties) = preSolution
		HideSolutionNode = FALSE
	EndGlobalSection
	GlobalSection(ProjectConfigurationPlatforms) = postSolution
		{D1F6D1CD-09CB-4F81-96E6-70AC23579C21}.Debug|Any CPU.ActiveCfg = Debug|Any CPU
		{D1F6D1CD-09CB-4F81-96E6-70AC23579C21}.Debug|Any CPU.Build.0 = Debug|Any CPU
		{D1F6D1CD-09CB-4F81-96E6-70AC23579C21}.Debug|x64.ActiveCfg = Debug|Any CPU
		{D1F6D1CD-09CB-4F81-96E6-70AC23579C21}.Debug|x64.Build.0 = Debug|Any CPU
		{D1F6D1CD-09CB-4F81-96E6-70AC23579C21}.Debug|x86.ActiveCfg = Debug|Any CPU
		{D1F6D1CD-09CB-4F81-96E6-70AC23579C21}.Debug|x86.Build.0 = Debug|Any CPU
		{D1F6D1CD-09CB-4F81-96E6-70AC23579C21}.Release|Any CPU.ActiveCfg = Release|Any CPU
		{D1F6D1CD-09CB-4F81-96E6-70AC23579C21}.Release|Any CPU.Build.0 = Release|Any CPU
		{D1F6D1CD-09CB-4F81-96E6-70AC23579C21}.Release|x64.ActiveCfg = Release|Any CPU
		{D1F6D1CD-09CB-4F81-96E6-70AC23579C21}.Release|x64.Build.0 = Release|Any CPU
		{D1F6D1CD-09CB-4F81-96E6-70AC23579C21}.Release|x86.ActiveCfg = Release|Any CPU
		{D1F6D1CD-09CB-4F81-96E6-70AC23579C21}.Release|x86.Build.0 = Release|Any CPU
		{3CA2DF8E-551E-41E1-A689-FAE724E12DB1}.Debug|Any CPU.ActiveCfg = Debug|Any CPU
		{3CA2DF8E-551E-41E1-A689-FAE724E12DB1}.Debug|Any CPU.Build.0 = Debug|Any CPU
		{3CA2DF8E-551E-41E1-A689-FAE724E12DB1}.Debug|x64.ActiveCfg = Debug|Any CPU
		{3CA2DF8E-551E-41E1-A689-FAE724E12DB1}.Debug|x64.Build.0 = Debug|Any CPU
		{3CA2DF8E-551E-41E1-A689-FAE724E12DB1}.Debug|x86.ActiveCfg = Debug|Any CPU
		{3CA2DF8E-551E-41E1-A689-FAE724E12DB1}.Debug|x86.Build.0 = Debug|Any CPU
		{3CA2DF8E-551E-41E1-A689-FAE724E12DB1}.Release|Any CPU.ActiveCfg = Release|Any CPU
		{3CA2DF8E-551E-41E1-A689-FAE724E12DB1}.Release|Any CPU.Build.0 = Release|Any CPU
		{3CA2DF8E-551E-41E1-A689-FAE724E12DB1}.Release|x64.ActiveCfg = Release|Any CPU
		{3CA2DF8E-551E-41E1-A689-FAE724E12DB1}.Release|x64.Build.0 = Release|Any CPU
		{3CA2DF8E-551E-41E1-A689-FAE724E12DB1}.Release|x86.ActiveCfg = Release|Any CPU
		{3CA2DF8E-551E-41E1-A689-FAE724E12DB1}.Release|x86.Build.0 = Release|Any CPU
	EndGlobalSection
EndGlobal
